
Microsoft Visual Studio Solution File, Format Version 12.00
# Visual Studio Version 16
VisualStudioVersion = 16.0.31025.194
MinimumVisualStudioVersion = 10.0.40219.1
Project("{9A19103F-16F7-4668-BE54-9A1E7A4F7556}") = "Parkolo.Program", "Parkolo.Program.csproj", "{D4FBFAB4-FC8A-46AB-A10E-A137476F1E10}"
EndProject
Project("{9A19103F-16F7-4668-BE54-9A1E7A4F7556}") = "Parkolo.Data", "..\Parkolo.Data\Parkolo.Data.csproj", "{F3F802EA-A227-4F60-B08B-BB22A1A86D12}"
EndProject
Project("{9A19103F-16F7-4668-BE54-9A1E7A4F7556}") = "Parkolo.Repository", "..\Parkolo.Repository\Parkolo.Repository.csproj", "{D03DD800-0AFB-4467-8034-B028FFAC6000}"
EndProject
Project("{9A19103F-16F7-4668-BE54-9A1E7A4F7556}") = "Parkolo.Logic", "..\Parkolo.Logic\Parkolo.Logic.csproj", "{D5FE7352-95D7-4DD2-834E-7CB3980BD14E}"
EndProject
Project("{9A19103F-16F7-4668-BE54-9A1E7A4F7556}") = "Parkolo.Logic.Tests", "..\Parkolo.Logic.Tests\Parkolo.Logic.Tests.csproj", "{53B7F5A5-1178-41D8-9036-ED9F0BC2C9C6}"
EndProject
Project("{9A19103F-16F7-4668-BE54-9A1E7A4F7556}") = "Parkolo.Endpoint", "..\Parkolo.Endpoint\Parkolo.Endpoint.csproj", "{E09A333B-E1F8-4216-82BB-CA6292191E3B}"
EndProject
Project("{9A19103F-16F7-4668-BE54-9A1E7A4F7556}") = "Parkolo.JSClient", "..\Parkolo.JSClient\Parkolo.JSClient.csproj", "{8B6BBA8E-87E8-4EA8-A5CC-0E00CD050661}"
EndProject
Project("{2150E333-8FDC-42A3-9474-1A3956D46DE8}") = "Clients", "Clients", "{DA2F4596-71CF-4AC3-92E5-64369D7E7055}"
EndProject
Project("{9A19103F-16F7-4668-BE54-9A1E7A4F7556}") = "Parkolo.Client", "..\Parkolo.Client\Parkolo.Client.csproj", "{D846BDE7-86B4-4D50-B48E-938415574F7C}"
	ProjectSection(ProjectDependencies) = postProject
		{F3F802EA-A227-4F60-B08B-BB22A1A86D12} = {F3F802EA-A227-4F60-B08B-BB22A1A86D12}
	EndProjectSection
EndProject
Project("{FAE04EC0-301F-11D3-BF4B-00C04F79EFBC}") = "Parkolo.WpfClient", "..\Parkolo.WpfClient\Parkolo.WpfClient.csproj", "{B4A56C57-7886-4BF0-B5C2-5DA3021D2633}"
EndProject
Global
	GlobalSection(SolutionConfigurationPlatforms) = preSolution
		Debug|Any CPU = Debug|Any CPU
		Release|Any CPU = Release|Any CPU
	EndGlobalSection
	GlobalSection(ProjectConfigurationPlatforms) = postSolution
		{D4FBFAB4-FC8A-46AB-A10E-A137476F1E10}.Debug|Any CPU.ActiveCfg = Debug|Any CPU
		{D4FBFAB4-FC8A-46AB-A10E-A137476F1E10}.Debug|Any CPU.Build.0 = Debug|Any CPU
		{D4FBFAB4-FC8A-46AB-A10E-A137476F1E10}.Release|Any CPU.ActiveCfg = Release|Any CPU
		{D4FBFAB4-FC8A-46AB-A10E-A137476F1E10}.Release|Any CPU.Build.0 = Release|Any CPU
		{F3F802EA-A227-4F60-B08B-BB22A1A86D12}.Debug|Any CPU.ActiveCfg = Debug|Any CPU
		{F3F802EA-A227-4F60-B08B-BB22A1A86D12}.Debug|Any CPU.Build.0 = Debug|Any CPU
		{F3F802EA-A227-4F60-B08B-BB22A1A86D12}.Release|Any CPU.ActiveCfg = Release|Any CPU
		{F3F802EA-A227-4F60-B08B-BB22A1A86D12}.Release|Any CPU.Build.0 = Release|Any CPU
		{D03DD800-0AFB-4467-8034-B028FFAC6000}.Debug|Any CPU.ActiveCfg = Debug|Any CPU
		{D03DD800-0AFB-4467-8034-B028FFAC6000}.Debug|Any CPU.Build.0 = Debug|Any CPU
		{D03DD800-0AFB-4467-8034-B028FFAC6000}.Release|Any CPU.ActiveCfg = Release|Any CPU
		{D03DD800-0AFB-4467-8034-B028FFAC6000}.Release|Any CPU.Build.0 = Release|Any CPU
		{D5FE7352-95D7-4DD2-834E-7CB3980BD14E}.Debug|Any CPU.ActiveCfg = Debug|Any CPU
		{D5FE7352-95D7-4DD2-834E-7CB3980BD14E}.Debug|Any CPU.Build.0 = Debug|Any CPU
		{D5FE7352-95D7-4DD2-834E-7CB3980BD14E}.Release|Any CPU.ActiveCfg = Release|Any CPU
		{D5FE7352-95D7-4DD2-834E-7CB3980BD14E}.Release|Any CPU.Build.0 = Release|Any CPU
		{53B7F5A5-1178-41D8-9036-ED9F0BC2C9C6}.Debug|Any CPU.ActiveCfg = Debug|Any CPU
		{53B7F5A5-1178-41D8-9036-ED9F0BC2C9C6}.Debug|Any CPU.Build.0 = Debug|Any CPU
		{53B7F5A5-1178-41D8-9036-ED9F0BC2C9C6}.Release|Any CPU.ActiveCfg = Release|Any CPU
		{53B7F5A5-1178-41D8-9036-ED9F0BC2C9C6}.Release|Any CPU.Build.0 = Release|Any CPU
		{E09A333B-E1F8-4216-82BB-CA6292191E3B}.Debug|Any CPU.ActiveCfg = Debug|Any CPU
		{E09A333B-E1F8-4216-82BB-CA6292191E3B}.Debug|Any CPU.Build.0 = Debug|Any CPU
		{E09A333B-E1F8-4216-82BB-CA6292191E3B}.Release|Any CPU.ActiveCfg = Release|Any CPU
		{E09A333B-E1F8-4216-82BB-CA6292191E3B}.Release|Any CPU.Build.0 = Release|Any CPU
		{8B6BBA8E-87E8-4EA8-A5CC-0E00CD050661}.Debug|Any CPU.ActiveCfg = Debug|Any CPU
		{8B6BBA8E-87E8-4EA8-A5CC-0E00CD050661}.Debug|Any CPU.Build.0 = Debug|Any CPU
		{8B6BBA8E-87E8-4EA8-A5CC-0E00CD050661}.Release|Any CPU.ActiveCfg = Release|Any CPU
		{8B6BBA8E-87E8-4EA8-A5CC-0E00CD050661}.Release|Any CPU.Build.0 = Release|Any CPU
		{D846BDE7-86B4-4D50-B48E-938415574F7C}.Debug|Any CPU.ActiveCfg = Debug|Any CPU
		{D846BDE7-86B4-4D50-B48E-938415574F7C}.Debug|Any CPU.Build.0 = Debug|Any CPU
		{D846BDE7-86B4-4D50-B48E-938415574F7C}.Release|Any CPU.ActiveCfg = Release|Any CPU
		{D846BDE7-86B4-4D50-B48E-938415574F7C}.Release|Any CPU.Build.0 = Release|Any CPU
		{B4A56C57-7886-4BF0-B5C2-5DA3021D2633}.Debug|Any CPU.ActiveCfg = Debug|Any CPU
		{B4A56C57-7886-4BF0-B5C2-5DA3021D2633}.Debug|Any CPU.Build.0 = Debug|Any CPU
		{B4A56C57-7886-4BF0-B5C2-5DA3021D2633}.Release|Any CPU.ActiveCfg = Release|Any CPU
		{B4A56C57-7886-4BF0-B5C2-5DA3021D2633}.Release|Any CPU.Build.0 = Release|Any CPU
	EndGlobalSection
	GlobalSection(SolutionProperties) = preSolution
		HideSolutionNode = FALSE
	EndGlobalSection
	GlobalSection(NestedProjects) = preSolution
		{8B6BBA8E-87E8-4EA8-A5CC-0E00CD050661} = {DA2F4596-71CF-4AC3-92E5-64369D7E7055}
		{D846BDE7-86B4-4D50-B48E-938415574F7C} = {DA2F4596-71CF-4AC3-92E5-64369D7E7055}
		{B4A56C57-7886-4BF0-B5C2-5DA3021D2633} = {DA2F4596-71CF-4AC3-92E5-64369D7E7055}
	EndGlobalSection
	GlobalSection(ExtensibilityGlobals) = postSolution
		SolutionGuid = {0915E013-4D73-4407-B9B6-87F6E8018989}
	EndGlobalSection
EndGlobal
